
Microsoft Visual Studio Solution File, Format Version 12.00
# Visual Studio Version 16
VisualStudioVersion = 16.6.30114.105
MinimumVisualStudioVersion = 10.0.40219.1
Project("{2150E333-8FDC-42A3-9474-1A3956D46DE8}") = "src", "src", "{DA312F56-FDB4-4853-A7A1-A8B2527399FC}"
EndProject
Project("{FAE04EC0-301F-11D3-BF4B-00C04F79EFBC}") = "Sitko.Blockly", "src\Sitko.Blockly\Sitko.Blockly.csproj", "{0367FAD9-C3FD-4E07-9CBE-103A17666A1D}"
EndProject
Project("{FAE04EC0-301F-11D3-BF4B-00C04F79EFBC}") = "Sitko.Blockly.AntDesign", "src\Sitko.Blockly.AntDesign\Sitko.Blockly.AntDesign.csproj", "{DEF5546B-B08E-497F-A78D-F0FC40D79990}"
EndProject
Project("{FAE04EC0-301F-11D3-BF4B-00C04F79EFBC}") = "Sitko.Blockly.EntityFrameworkCore", "src\Sitko.Blockly.EntityFrameworkCore\Sitko.Blockly.EntityFrameworkCore.csproj", "{5006CD4C-B71B-452A-BAB6-2D7C60D22D8D}"
EndProject
Project("{2150E333-8FDC-42A3-9474-1A3956D46DE8}") = "Solution Files", "Solution Files", "{11EED670-AFA8-4B9A-BB51-467E7D35129C}"
ProjectSection(SolutionItems) = preProject
	.editorconfig = .editorconfig
	.gitignore = .gitignore
	LICENSE.md = LICENSE.md
	README.md = README.md
	docker-compose.yml = docker-compose.yml
EndProjectSection
EndProject
Project("{2150E333-8FDC-42A3-9474-1A3956D46DE8}") = "tests", "tests", "{BE2C5E4A-BFBD-4645-AE0A-8B57A9EC1CB2}"
EndProject
Project("{FAE04EC0-301F-11D3-BF4B-00C04F79EFBC}") = "Sitko.Blockly.Tests", "tests\Sitko.Blockly.Tests\Sitko.Blockly.Tests.csproj", "{6E318256-F811-46B9-9EED-EDB1D1CEACDC}"
EndProject
Project("{2150E333-8FDC-42A3-9474-1A3956D46DE8}") = ".github", ".github", "{541EF285-2EF4-4FB3-B5C7-39E7A0726B18}"
ProjectSection(SolutionItems) = preProject
	.github\dependabot.yml = .github\dependabot.yml
EndProjectSection
EndProject
Project("{2150E333-8FDC-42A3-9474-1A3956D46DE8}") = "workflows", "workflows", "{490210DF-0DFE-4C02-9DDF-95F026C40086}"
ProjectSection(SolutionItems) = preProject
	.github\workflows\main.yml = .github\workflows\main.yml
	.github\workflows\release.yml = .github\workflows\release.yml
	.github\workflows\demo.yml = .github\workflows\demo.yml
EndProjectSection
EndProject
Project("{2150E333-8FDC-42A3-9474-1A3956D46DE8}") = "apps", "apps", "{32D6C989-DF2C-4C06-BD48-C322E72888B9}"
EndProject
Project("{FAE04EC0-301F-11D3-BF4B-00C04F79EFBC}") = "Sitko.Blockly.Demo", "apps\Sitko.Blockly.Demo\Sitko.Blockly.Demo.csproj", "{8F56B9BB-D115-4981-8AB3-7FDEBD1C681F}"
EndProject
Project("{FAE04EC0-301F-11D3-BF4B-00C04F79EFBC}") = "Sitko.Blockly.Blazor", "src\Sitko.Blockly.Blazor\Sitko.Blockly.Blazor.csproj", "{B2976032-A11A-4107-9503-63357D828CCC}"
EndProject
Project("{FAE04EC0-301F-11D3-BF4B-00C04F79EFBC}") = "Sitko.Blockly.HtmlParser", "src\Sitko.Blockly.HtmlParser\Sitko.Blockly.HtmlParser.csproj", "{33DD2E49-9A55-4648-8D97-81FB4FDFB4CC}"
EndProject
Project("{FAE04EC0-301F-11D3-BF4B-00C04F79EFBC}") = "Sitko.Blockly.HtmlParser.Tests", "tests\Sitko.Blockly.HtmlParser.Tests\Sitko.Blockly.HtmlParser.Tests.csproj", "{C46F1161-7FFC-47DC-9140-463A02FD6DEC}"
EndProject
Global
	GlobalSection(SolutionConfigurationPlatforms) = preSolution
		Debug|Any CPU = Debug|Any CPU
		Debug|x64 = Debug|x64
		Debug|x86 = Debug|x86
		Release|Any CPU = Release|Any CPU
		Release|x64 = Release|x64
		Release|x86 = Release|x86
	EndGlobalSection
	GlobalSection(SolutionProperties) = preSolution
		HideSolutionNode = FALSE
	EndGlobalSection
	GlobalSection(ProjectConfigurationPlatforms) = postSolution
		{0367FAD9-C3FD-4E07-9CBE-103A17666A1D}.Debug|Any CPU.ActiveCfg = Debug|Any CPU
		{0367FAD9-C3FD-4E07-9CBE-103A17666A1D}.Debug|Any CPU.Build.0 = Debug|Any CPU
		{0367FAD9-C3FD-4E07-9CBE-103A17666A1D}.Debug|x64.ActiveCfg = Debug|Any CPU
		{0367FAD9-C3FD-4E07-9CBE-103A17666A1D}.Debug|x64.Build.0 = Debug|Any CPU
		{0367FAD9-C3FD-4E07-9CBE-103A17666A1D}.Debug|x86.ActiveCfg = Debug|Any CPU
		{0367FAD9-C3FD-4E07-9CBE-103A17666A1D}.Debug|x86.Build.0 = Debug|Any CPU
		{0367FAD9-C3FD-4E07-9CBE-103A17666A1D}.Release|Any CPU.ActiveCfg = Release|Any CPU
		{0367FAD9-C3FD-4E07-9CBE-103A17666A1D}.Release|Any CPU.Build.0 = Release|Any CPU
		{0367FAD9-C3FD-4E07-9CBE-103A17666A1D}.Release|x64.ActiveCfg = Release|Any CPU
		{0367FAD9-C3FD-4E07-9CBE-103A17666A1D}.Release|x64.Build.0 = Release|Any CPU
		{0367FAD9-C3FD-4E07-9CBE-103A17666A1D}.Release|x86.ActiveCfg = Release|Any CPU
		{0367FAD9-C3FD-4E07-9CBE-103A17666A1D}.Release|x86.Build.0 = Release|Any CPU
		{DEF5546B-B08E-497F-A78D-F0FC40D79990}.Debug|Any CPU.ActiveCfg = Debug|Any CPU
		{DEF5546B-B08E-497F-A78D-F0FC40D79990}.Debug|Any CPU.Build.0 = Debug|Any CPU
		{DEF5546B-B08E-497F-A78D-F0FC40D79990}.Debug|x64.ActiveCfg = Debug|Any CPU
		{DEF5546B-B08E-497F-A78D-F0FC40D79990}.Debug|x64.Build.0 = Debug|Any CPU
		{DEF5546B-B08E-497F-A78D-F0FC40D79990}.Debug|x86.ActiveCfg = Debug|Any CPU
		{DEF5546B-B08E-497F-A78D-F0FC40D79990}.Debug|x86.Build.0 = Debug|Any CPU
		{DEF5546B-B08E-497F-A78D-F0FC40D79990}.Release|Any CPU.ActiveCfg = Release|Any CPU
		{DEF5546B-B08E-497F-A78D-F0FC40D79990}.Release|Any CPU.Build.0 = Release|Any CPU
		{DEF5546B-B08E-497F-A78D-F0FC40D79990}.Release|x64.ActiveCfg = Release|Any CPU
		{DEF5546B-B08E-497F-A78D-F0FC40D79990}.Release|x64.Build.0 = Release|Any CPU
		{DEF5546B-B08E-497F-A78D-F0FC40D79990}.Release|x86.ActiveCfg = Release|Any CPU
		{DEF5546B-B08E-497F-A78D-F0FC40D79990}.Release|x86.Build.0 = Release|Any CPU
		{5006CD4C-B71B-452A-BAB6-2D7C60D22D8D}.Debug|Any CPU.ActiveCfg = Debug|Any CPU
		{5006CD4C-B71B-452A-BAB6-2D7C60D22D8D}.Debug|Any CPU.Build.0 = Debug|Any CPU
		{5006CD4C-B71B-452A-BAB6-2D7C60D22D8D}.Debug|x64.ActiveCfg = Debug|Any CPU
		{5006CD4C-B71B-452A-BAB6-2D7C60D22D8D}.Debug|x64.Build.0 = Debug|Any CPU
		{5006CD4C-B71B-452A-BAB6-2D7C60D22D8D}.Debug|x86.ActiveCfg = Debug|Any CPU
		{5006CD4C-B71B-452A-BAB6-2D7C60D22D8D}.Debug|x86.Build.0 = Debug|Any CPU
		{5006CD4C-B71B-452A-BAB6-2D7C60D22D8D}.Release|Any CPU.ActiveCfg = Release|Any CPU
		{5006CD4C-B71B-452A-BAB6-2D7C60D22D8D}.Release|Any CPU.Build.0 = Release|Any CPU
		{5006CD4C-B71B-452A-BAB6-2D7C60D22D8D}.Release|x64.ActiveCfg = Release|Any CPU
		{5006CD4C-B71B-452A-BAB6-2D7C60D22D8D}.Release|x64.Build.0 = Release|Any CPU
		{5006CD4C-B71B-452A-BAB6-2D7C60D22D8D}.Release|x86.ActiveCfg = Release|Any CPU
		{5006CD4C-B71B-452A-BAB6-2D7C60D22D8D}.Release|x86.Build.0 = Release|Any CPU
		{6E318256-F811-46B9-9EED-EDB1D1CEACDC}.Debug|Any CPU.ActiveCfg = Debug|Any CPU
		{6E318256-F811-46B9-9EED-EDB1D1CEACDC}.Debug|Any CPU.Build.0 = Debug|Any CPU
		{6E318256-F811-46B9-9EED-EDB1D1CEACDC}.Debug|x64.ActiveCfg = Debug|Any CPU
		{6E318256-F811-46B9-9EED-EDB1D1CEACDC}.Debug|x64.Build.0 = Debug|Any CPU
		{6E318256-F811-46B9-9EED-EDB1D1CEACDC}.Debug|x86.ActiveCfg = Debug|Any CPU
		{6E318256-F811-46B9-9EED-EDB1D1CEACDC}.Debug|x86.Build.0 = Debug|Any CPU
		{6E318256-F811-46B9-9EED-EDB1D1CEACDC}.Release|Any CPU.ActiveCfg = Release|Any CPU
		{6E318256-F811-46B9-9EED-EDB1D1CEACDC}.Release|Any CPU.Build.0 = Release|Any CPU
		{6E318256-F811-46B9-9EED-EDB1D1CEACDC}.Release|x64.ActiveCfg = Release|Any CPU
		{6E318256-F811-46B9-9EED-EDB1D1CEACDC}.Release|x64.Build.0 = Release|Any CPU
		{6E318256-F811-46B9-9EED-EDB1D1CEACDC}.Release|x86.ActiveCfg = Release|Any CPU
		{6E318256-F811-46B9-9EED-EDB1D1CEACDC}.Release|x86.Build.0 = Release|Any CPU
		{8F56B9BB-D115-4981-8AB3-7FDEBD1C681F}.Debug|Any CPU.ActiveCfg = Debug|Any CPU
		{8F56B9BB-D115-4981-8AB3-7FDEBD1C681F}.Debug|Any CPU.Build.0 = Debug|Any CPU
		{8F56B9BB-D115-4981-8AB3-7FDEBD1C681F}.Debug|x64.ActiveCfg = Debug|Any CPU
		{8F56B9BB-D115-4981-8AB3-7FDEBD1C681F}.Debug|x64.Build.0 = Debug|Any CPU
		{8F56B9BB-D115-4981-8AB3-7FDEBD1C681F}.Debug|x86.ActiveCfg = Debug|Any CPU
		{8F56B9BB-D115-4981-8AB3-7FDEBD1C681F}.Debug|x86.Build.0 = Debug|Any CPU
		{8F56B9BB-D115-4981-8AB3-7FDEBD1C681F}.Release|Any CPU.ActiveCfg = Release|Any CPU
		{8F56B9BB-D115-4981-8AB3-7FDEBD1C681F}.Release|Any CPU.Build.0 = Release|Any CPU
		{8F56B9BB-D115-4981-8AB3-7FDEBD1C681F}.Release|x64.ActiveCfg = Release|Any CPU
		{8F56B9BB-D115-4981-8AB3-7FDEBD1C681F}.Release|x64.Build.0 = Release|Any CPU
		{8F56B9BB-D115-4981-8AB3-7FDEBD1C681F}.Release|x86.ActiveCfg = Release|Any CPU
		{8F56B9BB-D115-4981-8AB3-7FDEBD1C681F}.Release|x86.Build.0 = Release|Any CPU
		{B2976032-A11A-4107-9503-63357D828CCC}.Debug|Any CPU.ActiveCfg = Debug|Any CPU
		{B2976032-A11A-4107-9503-63357D828CCC}.Debug|Any CPU.Build.0 = Debug|Any CPU
		{B2976032-A11A-4107-9503-63357D828CCC}.Debug|x64.ActiveCfg = Debug|Any CPU
		{B2976032-A11A-4107-9503-63357D828CCC}.Debug|x64.Build.0 = Debug|Any CPU
		{B2976032-A11A-4107-9503-63357D828CCC}.Debug|x86.ActiveCfg = Debug|Any CPU
		{B2976032-A11A-4107-9503-63357D828CCC}.Debug|x86.Build.0 = Debug|Any CPU
		{B2976032-A11A-4107-9503-63357D828CCC}.Release|Any CPU.ActiveCfg = Release|Any CPU
		{B2976032-A11A-4107-9503-63357D828CCC}.Release|Any CPU.Build.0 = Release|Any CPU
		{B2976032-A11A-4107-9503-63357D828CCC}.Release|x64.ActiveCfg = Release|Any CPU
		{B2976032-A11A-4107-9503-63357D828CCC}.Release|x64.Build.0 = Release|Any CPU
		{B2976032-A11A-4107-9503-63357D828CCC}.Release|x86.ActiveCfg = Release|Any CPU
		{B2976032-A11A-4107-9503-63357D828CCC}.Release|x86.Build.0 = Release|Any CPU
		{33DD2E49-9A55-4648-8D97-81FB4FDFB4CC}.Debug|Any CPU.ActiveCfg = Debug|Any CPU
		{33DD2E49-9A55-4648-8D97-81FB4FDFB4CC}.Debug|Any CPU.Build.0 = Debug|Any CPU
		{33DD2E49-9A55-4648-8D97-81FB4FDFB4CC}.Debug|x64.ActiveCfg = Debug|Any CPU
		{33DD2E49-9A55-4648-8D97-81FB4FDFB4CC}.Debug|x64.Build.0 = Debug|Any CPU
		{33DD2E49-9A55-4648-8D97-81FB4FDFB4CC}.Debug|x86.ActiveCfg = Debug|Any CPU
		{33DD2E49-9A55-4648-8D97-81FB4FDFB4CC}.Debug|x86.Build.0 = Debug|Any CPU
		{33DD2E49-9A55-4648-8D97-81FB4FDFB4CC}.Release|Any CPU.ActiveCfg = Release|Any CPU
		{33DD2E49-9A55-4648-8D97-81FB4FDFB4CC}.Release|Any CPU.Build.0 = Release|Any CPU
		{33DD2E49-9A55-4648-8D97-81FB4FDFB4CC}.Release|x64.ActiveCfg = Release|Any CPU
		{33DD2E49-9A55-4648-8D97-81FB4FDFB4CC}.Release|x64.Build.0 = Release|Any CPU
		{33DD2E49-9A55-4648-8D97-81FB4FDFB4CC}.Release|x86.ActiveCfg = Release|Any CPU
		{33DD2E49-9A55-4648-8D97-81FB4FDFB4CC}.Release|x86.Build.0 = Release|Any CPU
		{C46F1161-7FFC-47DC-9140-463A02FD6DEC}.Debug|Any CPU.ActiveCfg = Debug|Any CPU
		{C46F1161-7FFC-47DC-9140-463A02FD6DEC}.Debug|Any CPU.Build.0 = Debug|Any CPU
		{C46F1161-7FFC-47DC-9140-463A02FD6DEC}.Debug|x64.ActiveCfg = Debug|Any CPU
		{C46F1161-7FFC-47DC-9140-463A02FD6DEC}.Debug|x64.Build.0 = Debug|Any CPU
		{C46F1161-7FFC-47DC-9140-463A02FD6DEC}.Debug|x86.ActiveCfg = Debug|Any CPU
		{C46F1161-7FFC-47DC-9140-463A02FD6DEC}.Debug|x86.Build.0 = Debug|Any CPU
		{C46F1161-7FFC-47DC-9140-463A02FD6DEC}.Release|Any CPU.ActiveCfg = Release|Any CPU
		{C46F1161-7FFC-47DC-9140-463A02FD6DEC}.Release|Any CPU.Build.0 = Release|Any CPU
		{C46F1161-7FFC-47DC-9140-463A02FD6DEC}.Release|x64.ActiveCfg = Release|Any CPU
		{C46F1161-7FFC-47DC-9140-463A02FD6DEC}.Release|x64.Build.0 = Release|Any CPU
		{C46F1161-7FFC-47DC-9140-463A02FD6DEC}.Release|x86.ActiveCfg = Release|Any CPU
		{C46F1161-7FFC-47DC-9140-463A02FD6DEC}.Release|x86.Build.0 = Release|Any CPU
	EndGlobalSection
	GlobalSection(NestedProjects) = preSolution
		{0367FAD9-C3FD-4E07-9CBE-103A17666A1D} = {DA312F56-FDB4-4853-A7A1-A8B2527399FC}
		{DEF5546B-B08E-497F-A78D-F0FC40D79990} = {DA312F56-FDB4-4853-A7A1-A8B2527399FC}
		{5006CD4C-B71B-452A-BAB6-2D7C60D22D8D} = {DA312F56-FDB4-4853-A7A1-A8B2527399FC}
		{6E318256-F811-46B9-9EED-EDB1D1CEACDC} = {BE2C5E4A-BFBD-4645-AE0A-8B57A9EC1CB2}
		{490210DF-0DFE-4C02-9DDF-95F026C40086} = {541EF285-2EF4-4FB3-B5C7-39E7A0726B18}
		{8F56B9BB-D115-4981-8AB3-7FDEBD1C681F} = {32D6C989-DF2C-4C06-BD48-C322E72888B9}
		{B2976032-A11A-4107-9503-63357D828CCC} = {DA312F56-FDB4-4853-A7A1-A8B2527399FC}
		{33DD2E49-9A55-4648-8D97-81FB4FDFB4CC} = {DA312F56-FDB4-4853-A7A1-A8B2527399FC}
		{C46F1161-7FFC-47DC-9140-463A02FD6DEC} = {BE2C5E4A-BFBD-4645-AE0A-8B57A9EC1CB2}
	EndGlobalSection
EndGlobal
